PODS:
  - KeyboardSwift (0.1.3)
  - SnapKit (4.0.0)

DEPENDENCIES:
  - KeyboardSwift (from `../`)
  - SnapKit

SPEC REPOS:
  trunk:
    - SnapKit

EXTERNAL SOURCES:
  KeyboardSwift:
    :path: "../"

SPEC CHECKSUMS:
  KeyboardSwift: f7cd5fd8966619b19b78252082577f4e915a0dcc
  SnapKit: a42d492c16e80209130a3379f73596c3454b7694

PODFILE CHECKSUM: 4e1b0f303eb4d49eb41952ee74d1c7fe74e5bc8d

COCOAPODS: 1.11.2
